
Microsoft Visual Studio Solution File, Format Version 12.00
# Visual Studio Version 16
VisualStudioVersion = 16.0.31313.79
MinimumVisualStudioVersion = 10.0.40219.1
Project("{9A19103F-16F7-4668-BE54-9A1E7A4F7556}") = "DemoCedeDigital", "DemoCedeDigital\DemoCedeDigital.csproj", "{4EBD005C-40C8-4514-8B15-D539759D94A8}"
EndProject
Global
	GlobalSection(SolutionConfigurationPlatforms) = preSolution
		Debug|Any CPU = Debug|Any CPU
		Release|Any CPU = Release|Any CPU
	EndGlobalSection
	GlobalSection(ProjectConfigurationPlatforms) = postSolution
		{4EBD005C-40C8-4514-8B15-D539759D94A8}.Debug|Any CPU.ActiveCfg = Debug|Any CPU
		{4EBD005C-40C8-4514-8B15-D539759D94A8}.Debug|Any CPU.Build.0 = Debug|Any CPU
		{4EBD005C-40C8-4514-8B15-D539759D94A8}.Release|Any CPU.ActiveCfg = Release|Any CPU
		{4EBD005C-40C8-4514-8B15-D539759D94A8}.Release|Any CPU.Build.0 = Release|Any CPU
	EndGlobalSection
	GlobalSection(SolutionProperties) = preSolution
		HideSolutionNode = FALSE
	EndGlobalSection
	GlobalSection(ExtensibilityGlobals) = postSolution
		SolutionGuid = {EE2C48CA-1A20-4980-9724-D3E625F4654E}
	EndGlobalSection
EndGlobal
